
Microsoft Visual Studio Solution File, Format Version 12.00
# Visual Studio Version 17
VisualStudioVersion = 17.2.32630.192
MinimumVisualStudioVersion = 10.0.40219.1
Project("{9A19103F-16F7-4668-BE54-9A1E7A4F7556}") = "sort", "sort\sort.csproj", "{2485B8F4-DF7C-4434-9835-E3D173C1A5D4}"
EndProject
Project("{9A19103F-16F7-4668-BE54-9A1E7A4F7556}") = "WpfSort", "WpfSort\WpfSort.csproj", "{230E10FD-22D7-4ED0-92E3-8EDF41C46FE0}"
EndProject
Project("{FAE04EC0-301F-11D3-BF4B-00C04F79EFBC}") = "sortTests", "sortTests\sortTests.csproj", "{FD782851-B933-4BCB-BCF1-45E1A5540488}"
EndProject
Global
	GlobalSection(SolutionConfigurationPlatforms) = preSolution
		Debug|Any CPU = Debug|Any CPU
		Release|Any CPU = Release|Any CPU
	EndGlobalSection
	GlobalSection(ProjectConfigurationPlatforms) = postSolution
		{2485B8F4-DF7C-4434-9835-E3D173C1A5D4}.Debug|Any CPU.ActiveCfg = Debug|Any CPU
		{2485B8F4-DF7C-4434-9835-E3D173C1A5D4}.Debug|Any CPU.Build.0 = Debug|Any CPU
		{2485B8F4-DF7C-4434-9835-E3D173C1A5D4}.Release|Any CPU.ActiveCfg = Release|Any CPU
		{2485B8F4-DF7C-4434-9835-E3D173C1A5D4}.Release|Any CPU.Build.0 = Release|Any CPU
		{230E10FD-22D7-4ED0-92E3-8EDF41C46FE0}.Debug|Any CPU.ActiveCfg = Debug|Any CPU
		{230E10FD-22D7-4ED0-92E3-8EDF41C46FE0}.Debug|Any CPU.Build.0 = Debug|Any CPU
		{230E10FD-22D7-4ED0-92E3-8EDF41C46FE0}.Release|Any CPU.ActiveCfg = Release|Any CPU
		{230E10FD-22D7-4ED0-92E3-8EDF41C46FE0}.Release|Any CPU.Build.0 = Release|Any CPU
		{FD782851-B933-4BCB-BCF1-45E1A5540488}.Debug|Any CPU.ActiveCfg = Debug|Any CPU
		{FD782851-B933-4BCB-BCF1-45E1A5540488}.Debug|Any CPU.Build.0 = Debug|Any CPU
		{FD782851-B933-4BCB-BCF1-45E1A5540488}.Release|Any CPU.ActiveCfg = Release|Any CPU
		{FD782851-B933-4BCB-BCF1-45E1A5540488}.Release|Any CPU.Build.0 = Release|Any CPU
	EndGlobalSection
	GlobalSection(SolutionProperties) = preSolution
		HideSolutionNode = FALSE
	EndGlobalSection
	GlobalSection(ExtensibilityGlobals) = postSolution
		SolutionGuid = {26E494E8-D992-48DC-8B9C-C73714020D18}
	EndGlobalSection
EndGlobal
